
Microsoft Visual Studio Solution File, Format Version 12.00
# Visual Studio Version 17
VisualStudioVersion = 17.1.32407.343
MinimumVisualStudioVersion = 10.0.40219.1
Project("{FAE04EC0-301F-11D3-BF4B-00C04F79EFBC}") = "8QualiTestes", "8QualiTestes\8QualiTestes.csproj", "{B910AB3D-30B5-4A24-AC2C-86F93B47B868}"
EndProject
Global
	GlobalSection(SolutionConfigurationPlatforms) = preSolution
		Debug|Any CPU = Debug|Any CPU
		Release|Any CPU = Release|Any CPU
	EndGlobalSection
	GlobalSection(ProjectConfigurationPlatforms) = postSolution
		{B910AB3D-30B5-4A24-AC2C-86F93B47B868}.Debug|Any CPU.ActiveCfg = Debug|Any CPU
		{B910AB3D-30B5-4A24-AC2C-86F93B47B868}.Debug|Any CPU.Build.0 = Debug|Any CPU
		{B910AB3D-30B5-4A24-AC2C-86F93B47B868}.Release|Any CPU.ActiveCfg = Release|Any CPU
		{B910AB3D-30B5-4A24-AC2C-86F93B47B868}.Release|Any CPU.Build.0 = Release|Any CPU
	EndGlobalSection
	GlobalSection(SolutionProperties) = preSolution
		HideSolutionNode = FALSE
	EndGlobalSection
	GlobalSection(ExtensibilityGlobals) = postSolution
		SolutionGuid = {79E362CF-9A80-4509-8A3F-97FC65850471}
	EndGlobalSection
EndGlobal
